// !$*UTF8*$!
{
	archiveVersion = 1;
	classes = {
	};
	objectVersion = 56;
	objects = {

/* Begin PBXCopyFilesBuildPhase section */
		25EDE9C52AD14FAF000FDFB0 /* CopyFiles */ = {
			isa = PBXCopyFilesBuildPhase;
			buildActionMask = 2147483647;
			dstPath = /usr/share/man/man1/;
			dstSubfolderSpec = 0;
			files = (
			);
			runOnlyForDeploymentPostprocessing = 1;
		};
/* End PBXCopyFilesBuildPhase section */

/* Begin PBXFileReference section */
		258D69D32B43D61D00FA01B1 /* 둘만의 암호.swift */ = {isa = PBXFileReference; lastKnownFileType = sourcecode.swift; path = "둘만의 암호.swift"; sourceTree = "<group>"; };
		258D69D62B441EB900FA01B1 /* NQueen.swift */ = {isa = PBXFileReference; lastKnownFileType = sourcecode.swift; path = NQueen.swift; sourceTree = "<group>"; };
		258D69DA2B45393000FA01B1 /* 배열의 평균값.swift */ = {isa = PBXFileReference; lastKnownFileType = sourcecode.swift; path = "배열의 평균값.swift"; sourceTree = "<group>"; };
		2596A1FB2B47ED110065E21F /* 문자열 뒤의 n 글자.swift */ = {isa = PBXFileReference; lastKnownFileType = sourcecode.swift; path = "문자열 뒤의 n 글자.swift"; sourceTree = "<group>"; };
		2596A1FC2B47EDE10065E21F /* 최댓값과 최솟값.swift */ = {isa = PBXFileReference; lastKnownFileType = sourcecode.swift; path = "최댓값과 최솟값.swift"; sourceTree = "<group>"; };
		2596A2012B482CE20065E21F /* 카드뭉치.swift */ = {isa = PBXFileReference; lastKnownFileType = sourcecode.swift; path = "카드뭉치.swift"; sourceTree = "<group>"; };
		2596A2072B4C06A70065E21F /* 다음에 올 숫자.swift */ = {isa = PBXFileReference; lastKnownFileType = sourcecode.swift; path = "다음에 올 숫자.swift"; sourceTree = "<group>"; };
		25C0D8B42B15E0D200DC0C2F /* 직사각형넓이구하기.swift */ = {isa = PBXFileReference; lastKnownFileType = sourcecode.swift; path = "직사각형넓이구하기.swift"; sourceTree = "<group>"; };
		25C0D8B62B17105800DC0C2F /* 베스트앨범.swift */ = {isa = PBXFileReference; lastKnownFileType = sourcecode.swift; path = "베스트앨범.swift"; sourceTree = "<group>"; };
		25C0D8B92B1847F800DC0C2F /* 겹치는선분의길이.swift */ = {isa = PBXFileReference; lastKnownFileType = sourcecode.swift; path = "겹치는선분의길이.swift"; sourceTree = "<group>"; };
		25C0D8BD2B19A76B00DC0C2F /* 무인도 여행.swift */ = {isa = PBXFileReference; lastKnownFileType = sourcecode.swift; path = "무인도 여행.swift"; sourceTree = "<group>"; };
		25C0D8DF2B1EF46000DC0C2F /* 2667.단지번호붙이기-DFS.swift */ = {isa = PBXFileReference; fileEncoding = 4; lastKnownFileType = sourcecode.swift; path = "2667.단지번호붙이기-DFS.swift"; sourceTree = "<group>"; };
		25C0D8E02B1EF46000DC0C2F /* 2589.보물섬-BFS.swift */ = {isa = PBXFileReference; fileEncoding = 4; lastKnownFileType = sourcecode.swift; path = "2589.보물섬-BFS.swift"; sourceTree = "<group>"; };
		25C0D8E12B1EF46000DC0C2F /* 2606.바이러스-DFS.swift */ = {isa = PBXFileReference; fileEncoding = 4; lastKnownFileType = sourcecode.swift; path = "2606.바이러스-DFS.swift"; sourceTree = "<group>"; };
		25C0D8E52B1EF4C800DC0C2F /* 배열조각하기.swift */ = {isa = PBXFileReference; lastKnownFileType = sourcecode.swift; path = "배열조각하기.swift"; sourceTree = "<group>"; };
		25C0D8E92B21736F00DC0C2F /* 주사위게임3.swift */ = {isa = PBXFileReference; lastKnownFileType = sourcecode.swift; path = "주사위게임3.swift"; sourceTree = "<group>"; };
		25E383222B2B037700C97DCA /* OX퀴즈.swift */ = {isa = PBXFileReference; lastKnownFileType = sourcecode.swift; path = "OX퀴즈.swift"; sourceTree = "<group>"; };
		25E383242B2B03BE00C97DCA /* 콜라츠 추측.swift */ = {isa = PBXFileReference; lastKnownFileType = sourcecode.swift; path = "콜라츠 추측.swift"; sourceTree = "<group>"; };
		25E383302B330AB800C97DCA /* 7576.토마토-DFS.swift */ = {isa = PBXFileReference; lastKnownFileType = sourcecode.swift; path = "7576.토마토-DFS.swift"; sourceTree = "<group>"; };
		25E383322B330E2C00C97DCA /* 배열만들기2.swift */ = {isa = PBXFileReference; lastKnownFileType = sourcecode.swift; path = "배열만들기2.swift"; sourceTree = "<group>"; };
		25E383342B330E4000C97DCA /* 숫자 변환하기.swift */ = {isa = PBXFileReference; lastKnownFileType = sourcecode.swift; path = "숫자 변환하기.swift"; sourceTree = "<group>"; };
		25E383362B330E5200C97DCA /* 코드처리하기.swift */ = {isa = PBXFileReference; lastKnownFileType = sourcecode.swift; path = "코드처리하기.swift"; sourceTree = "<group>"; };
		25E383382B330E5F00C97DCA /* 안전지대.swift */ = {isa = PBXFileReference; lastKnownFileType = sourcecode.swift; path = "안전지대.swift"; sourceTree = "<group>"; };
		25E3833A2B330E6F00C97DCA /* 연속된 수의 합.swift */ = {isa = PBXFileReference; lastKnownFileType = sourcecode.swift; path = "연속된 수의 합.swift"; sourceTree = "<group>"; };
		25E3833C2B330E7C00C97DCA /* 평행.swift */ = {isa = PBXFileReference; lastKnownFileType = sourcecode.swift; path = "평행.swift"; sourceTree = "<group>"; };
		25E3833E2B330E8700C97DCA /* 옹알이2.swift */ = {isa = PBXFileReference; lastKnownFileType = sourcecode.swift; path = "옹알이2.swift"; sourceTree = "<group>"; };
		25E383402B330E9400C97DCA /* 피보나치.swift */ = {isa = PBXFileReference; lastKnownFileType = sourcecode.swift; path = "피보나치.swift"; sourceTree = "<group>"; };
		25E383422B330E9E00C97DCA /* 행렬의 곱셈.swift */ = {isa = PBXFileReference; lastKnownFileType = sourcecode.swift; path = "행렬의 곱셈.swift"; sourceTree = "<group>"; };
		25E383472B345CA300C97DCA /* 할인행사.swift */ = {isa = PBXFileReference; lastKnownFileType = sourcecode.swift; path = "할인행사.swift"; sourceTree = "<group>"; };
		25EDE9C72AD14FAF000FDFB0 /* algorithms */ = {isa = PBXFileReference; explicitFileType = "compiled.mach-o.executable"; includeInIndex = 0; path = algorithms; sourceTree = BUILT_PRODUCTS_DIR; };
		25EDE9D22AD15016000FDFB0 /* 완전탐색-카펫.swift */ = {isa = PBXFileReference; lastKnownFileType = sourcecode.swift; path = "완전탐색-카펫.swift"; sourceTree = "<group>"; };
		25EDE9F72AD6ACE7000FDFB0 /* 월간코드챌린지시즌2-괄호회전하기.swift */ = {isa = PBXFileReference; lastKnownFileType = sourcecode.swift; path = "월간코드챌린지시즌2-괄호회전하기.swift"; sourceTree = "<group>"; };
		25EDEA102AD975B1000FDFB0 /* 월간코드챌린지시즌3-n^2배열자르기.swift */ = {isa = PBXFileReference; lastKnownFileType = sourcecode.swift; path = "월간코드챌린지시즌3-n^2배열자르기.swift"; sourceTree = "<group>"; };
		25EDEA272ADEB277000FDFB0 /* 2019카카오개발자겨울인턴십-튜플.swift */ = {isa = PBXFileReference; lastKnownFileType = sourcecode.swift; path = "2019카카오개발자겨울인턴십-튜플.swift"; sourceTree = "<group>"; };
		25EDEA292AE1722E000FDFB0 /* 최솟값만들기.swift */ = {isa = PBXFileReference; lastKnownFileType = sourcecode.swift; path = "최솟값만들기.swift"; sourceTree = "<group>"; };
/* End PBXFileReference section */

/* Begin PBXFrameworksBuildPhase section */
		25EDE9C42AD14FAF000FDFB0 /* Frameworks */ = {
			isa = PBXFrameworksBuildPhase;
			buildActionMask = 2147483647;
			files = (
			);
			runOnlyForDeploymentPostprocessing = 0;
		};
/* End PBXFrameworksBuildPhase section */

/* Begin PBXGroup section */
		25C0D8DE2B1EF42D00DC0C2F /* Baekjoon */ = {
			isa = PBXGroup;
			children = (
				25C0D8E02B1EF46000DC0C2F /* 2589.보물섬-BFS.swift */,
				25C0D8E12B1EF46000DC0C2F /* 2606.바이러스-DFS.swift */,
				25C0D8DF2B1EF46000DC0C2F /* 2667.단지번호붙이기-DFS.swift */,
				25E383302B330AB800C97DCA /* 7576.토마토-DFS.swift */,
			);
			path = Baekjoon;
			sourceTree = "<group>";
		};
		25EDE9BE2AD14FAF000FDFB0 = {
			isa = PBXGroup;
			children = (
				25C0D8DE2B1EF42D00DC0C2F /* Baekjoon */,
				25EDE9D12AD14FE9000FDFB0 /* Programmers */,
				25EDE9C82AD14FAF000FDFB0 /* Products */,
			);
			sourceTree = "<group>";
		};
		25EDE9C82AD14FAF000FDFB0 /* Products */ = {
			isa = PBXGroup;
			children = (
				25EDE9C72AD14FAF000FDFB0 /* algorithms */,
			);
			name = Products;
			sourceTree = "<group>";
		};
		25EDE9D12AD14FE9000FDFB0 /* Programmers */ = {
			isa = PBXGroup;
			children = (
				2596A2012B482CE20065E21F /* 카드뭉치.swift */,
				2596A1FC2B47EDE10065E21F /* 최댓값과 최솟값.swift */,
				258D69D32B43D61D00FA01B1 /* 둘만의 암호.swift */,
				25EDE9D22AD15016000FDFB0 /* 완전탐색-카펫.swift */,
				25EDE9F72AD6ACE7000FDFB0 /* 월간코드챌린지시즌2-괄호회전하기.swift */,
				25EDEA102AD975B1000FDFB0 /* 월간코드챌린지시즌3-n^2배열자르기.swift */,
				25EDEA272ADEB277000FDFB0 /* 2019카카오개발자겨울인턴십-튜플.swift */,
				25E383342B330E4000C97DCA /* 숫자 변환하기.swift */,
				25EDEA292AE1722E000FDFB0 /* 최솟값만들기.swift */,
				25C0D8B42B15E0D200DC0C2F /* 직사각형넓이구하기.swift */,
				25E3833A2B330E6F00C97DCA /* 연속된 수의 합.swift */,
				25E383422B330E9E00C97DCA /* 행렬의 곱셈.swift */,
				25E383402B330E9400C97DCA /* 피보나치.swift */,
				25E3833E2B330E8700C97DCA /* 옹알이2.swift */,
				25E3833C2B330E7C00C97DCA /* 평행.swift */,
				25E383322B330E2C00C97DCA /* 배열만들기2.swift */,
				25C0D8B62B17105800DC0C2F /* 베스트앨범.swift */,
				25C0D8B92B1847F800DC0C2F /* 겹치는선분의길이.swift */,
				25E383362B330E5200C97DCA /* 코드처리하기.swift */,
				25C0D8BD2B19A76B00DC0C2F /* 무인도 여행.swift */,
				25C0D8E52B1EF4C800DC0C2F /* 배열조각하기.swift */,
				25C0D8E92B21736F00DC0C2F /* 주사위게임3.swift */,
				25E383382B330E5F00C97DCA /* 안전지대.swift */,
				25E383222B2B037700C97DCA /* OX퀴즈.swift */,
				25E383242B2B03BE00C97DCA /* 콜라츠 추측.swift */,
				25E383472B345CA300C97DCA /* 할인행사.swift */,
				258D69D62B441EB900FA01B1 /* NQueen.swift */,
				258D69DA2B45393000FA01B1 /* 배열의 평균값.swift */,
				2596A1FB2B47ED110065E21F /* 문자열 뒤의 n 글자.swift */,
				2596A2072B4C06A70065E21F /* 다음에 올 숫자.swift */,
			);
			path = Programmers;
			sourceTree = "<group>";
		};
/* End PBXGroup section */

/* Begin PBXNativeTarget section */
		25EDE9C62AD14FAF000FDFB0 /* algorithms */ = {
			isa = PBXNativeTarget;
			buildConfigurationList = 25EDE9CE2AD14FAF000FDFB0 /* Build configuration list for PBXNativeTarget "algorithms" */;
			buildPhases = (
				25EDE9C32AD14FAF000FDFB0 /* Sources */,
				25EDE9C42AD14FAF000FDFB0 /* Frameworks */,
				25EDE9C52AD14FAF000FDFB0 /* CopyFiles */,
			);
			buildRules = (
			);
			dependencies = (
			);
			name = algorithms;
			productName = algorithms;
			productReference = 25EDE9C72AD14FAF000FDFB0 /* algorithms */;
			productType = "com.apple.product-type.tool";
		};
/* End PBXNativeTarget section */

/* Begin PBXProject section */
		25EDE9BF2AD14FAF000FDFB0 /* Project object */ = {
			isa = PBXProject;
			attributes = {
				BuildIndependentTargetsInParallel = 1;
				LastSwiftUpdateCheck = 1430;
				LastUpgradeCheck = 1430;
				TargetAttributes = {
					25EDE9C62AD14FAF000FDFB0 = {
						CreatedOnToolsVersion = 14.3.1;
						LastSwiftMigration = 1430;
					};
				};
			};
			buildConfigurationList = 25EDE9C22AD14FAF000FDFB0 /* Build configuration list for PBXProject "algorithms" */;
			compatibilityVersion = "Xcode 14.0";
			developmentRegion = en;
			hasScannedForEncodings = 0;
			knownRegions = (
				en,
				Base,
			);
			mainGroup = 25EDE9BE2AD14FAF000FDFB0;
			productRefGroup = 25EDE9C82AD14FAF000FDFB0 /* Products */;
			projectDirPath = "";
			projectRoot = "";
			targets = (
				25EDE9C62AD14FAF000FDFB0 /* algorithms */,
			);
		};
/* End PBXProject section */

/* Begin PBXSourcesBuildPhase section */
		25EDE9C32AD14FAF000FDFB0 /* Sources */ = {
			isa = PBXSourcesBuildPhase;
			buildActionMask = 2147483647;
			files = (
			);
			runOnlyForDeploymentPostprocessing = 0;
		};
/* End PBXSourcesBuildPhase section */

/* Begin XCBuildConfiguration section */
		25EDE9CC2AD14FAF000FDFB0 /* Debug */ = {
			isa = XCBuildConfiguration;
			buildSettings = {
				ALWAYS_SEARCH_USER_PATHS = NO;
				CLANG_ANALYZER_NONNULL = YES;
				CLANG_ANALYZER_NUMBER_OBJECT_CONVERSION = YES_AGGRESSIVE;
				CLANG_CXX_LANGUAGE_STANDARD = "gnu++20";
				CLANG_ENABLE_MODULES = YES;
				CLANG_ENABLE_OBJC_ARC = YES;
				CLANG_ENABLE_OBJC_WEAK = YES;
				CLANG_WARN_BLOCK_CAPTURE_AUTORELEASING = YES;
				CLANG_WARN_BOOL_CONVERSION = YES;
				CLANG_WARN_COMMA = YES;
				CLANG_WARN_CONSTANT_CONVERSION = YES;
				CLANG_WARN_DEPRECATED_OBJC_IMPLEMENTATIONS = YES;
				CLANG_WARN_DIRECT_OBJC_ISA_USAGE = YES_ERROR;
				CLANG_WARN_DOCUMENTATION_COMMENTS = YES;
				CLANG_WARN_EMPTY_BODY = YES;
				CLANG_WARN_ENUM_CONVERSION = YES;
				CLANG_WARN_INFINITE_RECURSION = YES;
				CLANG_WARN_INT_CONVERSION = YES;
				CLANG_WARN_NON_LITERAL_NULL_CONVERSION = YES;
				CLANG_WARN_OBJC_IMPLICIT_RETAIN_SELF = YES;
				CLANG_WARN_OBJC_LITERAL_CONVERSION = YES;
				CLANG_WARN_OBJC_ROOT_CLASS = YES_ERROR;
				CLANG_WARN_QUOTED_INCLUDE_IN_FRAMEWORK_HEADER = YES;
				CLANG_WARN_RANGE_LOOP_ANALYSIS = YES;
				CLANG_WARN_STRICT_PROTOTYPES = YES;
				CLANG_WARN_SUSPICIOUS_MOVE = YES;
				CLANG_WARN_UNGUARDED_AVAILABILITY = YES_AGGRESSIVE;
				CLANG_WARN_UNREACHABLE_CODE = YES;
				CLANG_WARN__DUPLICATE_METHOD_MATCH = YES;
				COPY_PHASE_STRIP = NO;
				DEBUG_INFORMATION_FORMAT = dwarf;
				ENABLE_STRICT_OBJC_MSGSEND = YES;
				ENABLE_TESTABILITY = YES;
				GCC_C_LANGUAGE_STANDARD = gnu11;
				GCC_DYNAMIC_NO_PIC = NO;
				GCC_NO_COMMON_BLOCKS = YES;
				GCC_OPTIMIZATION_LEVEL = 0;
				GCC_PREPROCESSOR_DEFINITIONS = (
					"DEBUG=1",
					"$(inherited)",
				);
				GCC_WARN_64_TO_32_BIT_CONVERSION = YES;
				GCC_WARN_ABOUT_RETURN_TYPE = YES_ERROR;
				GCC_WARN_UNDECLARED_SELECTOR = YES;
				GCC_WARN_UNINITIALIZED_AUTOS = YES_AGGRESSIVE;
				GCC_WARN_UNUSED_FUNCTION = YES;
				GCC_WARN_UNUSED_VARIABLE = YES;
				MACOSX_DEPLOYMENT_TARGET = 13.2;
				MTL_ENABLE_DEBUG_INFO = INCLUDE_SOURCE;
				MTL_FAST_MATH = YES;
				ONLY_ACTIVE_ARCH = YES;
				SDKROOT = macosx;
				SWIFT_ACTIVE_COMPILATION_CONDITIONS = DEBUG;
				SWIFT_OPTIMIZATION_LEVEL = "-Onone";
			};
			name = Debug;
		};
		25EDE9CD2AD14FAF000FDFB0 /* Release */ = {
			isa = XCBuildConfiguration;
			buildSettings = {
				ALWAYS_SEARCH_USER_PATHS = NO;
				CLANG_ANALYZER_NONNULL = YES;
				CLANG_ANALYZER_NUMBER_OBJECT_CONVERSION = YES_AGGRESSIVE;
				CLANG_CXX_LANGUAGE_STANDARD = "gnu++20";
				CLANG_ENABLE_MODULES = YES;
				CLANG_ENABLE_OBJC_ARC = YES;
				CLANG_ENABLE_OBJC_WEAK = YES;
				CLANG_WARN_BLOCK_CAPTURE_AUTORELEASING = YES;
				CLANG_WARN_BOOL_CONVERSION = YES;
				CLANG_WARN_COMMA = YES;
				CLANG_WARN_CONSTANT_CONVERSION = YES;
				CLANG_WARN_DEPRECATED_OBJC_IMPLEMENTATIONS = YES;
				CLANG_WARN_DIRECT_OBJC_ISA_USAGE = YES_ERROR;
				CLANG_WARN_DOCUMENTATION_COMMENTS = YES;
				CLANG_WARN_EMPTY_BODY = YES;
				CLANG_WARN_ENUM_CONVERSION = YES;
				CLANG_WARN_INFINITE_RECURSION = YES;
				CLANG_WARN_INT_CONVERSION = YES;
				CLANG_WARN_NON_LITERAL_NULL_CONVERSION = YES;
				CLANG_WARN_OBJC_IMPLICIT_RETAIN_SELF = YES;
				CLANG_WARN_OBJC_LITERAL_CONVERSION = YES;
				CLANG_WARN_OBJC_ROOT_CLASS = YES_ERROR;
				CLANG_WARN_QUOTED_INCLUDE_IN_FRAMEWORK_HEADER = YES;
				CLANG_WARN_RANGE_LOOP_ANALYSIS = YES;
				CLANG_WARN_STRICT_PROTOTYPES = YES;
				CLANG_WARN_SUSPICIOUS_MOVE = YES;
				CLANG_WARN_UNGUARDED_AVAILABILITY = YES_AGGRESSIVE;
				CLANG_WARN_UNREACHABLE_CODE = YES;
				CLANG_WARN__DUPLICATE_METHOD_MATCH = YES;
				COPY_PHASE_STRIP = NO;
				DEBUG_INFORMATION_FORMAT = "dwarf-with-dsym";
				ENABLE_NS_ASSERTIONS = NO;
				ENABLE_STRICT_OBJC_MSGSEND = YES;
				GCC_C_LANGUAGE_STANDARD = gnu11;
				GCC_NO_COMMON_BLOCKS = YES;
				GCC_WARN_64_TO_32_BIT_CONVERSION = YES;
				GCC_WARN_ABOUT_RETURN_TYPE = YES_ERROR;
				GCC_WARN_UNDECLARED_SELECTOR = YES;
				GCC_WARN_UNINITIALIZED_AUTOS = YES_AGGRESSIVE;
				GCC_WARN_UNUSED_FUNCTION = YES;
				GCC_WARN_UNUSED_VARIABLE = YES;
				MACOSX_DEPLOYMENT_TARGET = 13.2;
				MTL_ENABLE_DEBUG_INFO = NO;
				MTL_FAST_MATH = YES;
				SDKROOT = macosx;
				SWIFT_COMPILATION_MODE = wholemodule;
				SWIFT_OPTIMIZATION_LEVEL = "-O";
			};
			name = Release;
		};
		25EDE9CF2AD14FAF000FDFB0 /* Debug */ = {
			isa = XCBuildConfiguration;
			buildSettings = {
				CLANG_ENABLE_MODULES = YES;
				CODE_SIGN_STYLE = Automatic;
				DEVELOPMENT_TEAM = GQF9DRKKG2;
				ENABLE_HARDENED_RUNTIME = YES;
				PRODUCT_NAME = "$(TARGET_NAME)";
				SWIFT_OPTIMIZATION_LEVEL = "-Onone";
				SWIFT_VERSION = 5.0;
			};
			name = Debug;
		};
		25EDE9D02AD14FAF000FDFB0 /* Release */ = {
			isa = XCBuildConfiguration;
			buildSettings = {
				CLANG_ENABLE_MODULES = YES;
				CODE_SIGN_STYLE = Automatic;
				DEVELOPMENT_TEAM = GQF9DRKKG2;
				ENABLE_HARDENED_RUNTIME = YES;
				PRODUCT_NAME = "$(TARGET_NAME)";
				SWIFT_VERSION = 5.0;
			};
			name = Release;
		};
/* End XCBuildConfiguration section */

/* Begin XCConfigurationList section */
		25EDE9C22AD14FAF000FDFB0 /* Build configuration list for PBXProject "algorithms" */ = {
			isa = XCConfigurationList;
			buildConfigurations = (
				25EDE9CC2AD14FAF000FDFB0 /* Debug */,
				25EDE9CD2AD14FAF000FDFB0 /* Release */,
			);
			defaultConfigurationIsVisible = 0;
			defaultConfigurationName = Release;
		};
		25EDE9CE2AD14FAF000FDFB0 /* Build configuration list for PBXNativeTarget "algorithms" */ = {
			isa = XCConfigurationList;
			buildConfigurations = (
				25EDE9CF2AD14FAF000FDFB0 /* Debug */,
				25EDE9D02AD14FAF000FDFB0 /* Release */,
			);
			defaultConfigurationIsVisible = 0;
			defaultConfigurationName = Release;
		};
/* End XCConfigurationList section */
	};
	rootObject = 25EDE9BF2AD14FAF000FDFB0 /* Project object */;
}
